
Microsoft Visual Studio Solution File, Format Version 12.00
# Visual Studio Version 17
VisualStudioVersion = 17.14.36518.9 d17.14
MinimumVisualStudioVersion = 10.0.40219.1
Project("{FAE04EC0-301F-11D3-BF4B-00C04F79EFBC}") = "Class2Loop", "Class2Loop\Class2Loop.csproj", "{653D46FF-913A-40CC-AA16-176281D9CE01}"
EndProject
Global
	GlobalSection(SolutionConfigurationPlatforms) = preSolution
		Debug|Any CPU = Debug|Any CPU
		Release|Any CPU = Release|Any CPU
	EndGlobalSection
	GlobalSection(ProjectConfigurationPlatforms) = postSolution
		{653D46FF-913A-40CC-AA16-176281D9CE01}.Debug|Any CPU.ActiveCfg = Debug|Any CPU
		{653D46FF-913A-40CC-AA16-176281D9CE01}.Debug|Any CPU.Build.0 = Debug|Any CPU
		{653D46FF-913A-40CC-AA16-176281D9CE01}.Release|Any CPU.ActiveCfg = Release|Any CPU
		{653D46FF-913A-40CC-AA16-176281D9CE01}.Release|Any CPU.Build.0 = Release|Any CPU
	EndGlobalSection
	GlobalSection(SolutionProperties) = preSolution
		HideSolutionNode = FALSE
	EndGlobalSection
	GlobalSection(ExtensibilityGlobals) = postSolution
		SolutionGuid = {04C9543A-709D-413B-BC04-3CC303456C39}
	EndGlobalSection
EndGlobal
