
Microsoft Visual Studio Solution File, Format Version 12.00
# Visual Studio Version 17
VisualStudioVersion = 17.14.36518.9 d17.14
MinimumVisualStudioVersion = 10.0.40219.1
Project("{FAE04EC0-301F-11D3-BF4B-00C04F79EFBC}") = "BPLTeam", "BPLTeam\BPLTeam.csproj", "{AAC26E51-58A9-4111-A226-5493BD48E765}"
EndProject
Global
	GlobalSection(SolutionConfigurationPlatforms) = preSolution
		Debug|Any CPU = Debug|Any CPU
		Release|Any CPU = Release|Any CPU
	EndGlobalSection
	GlobalSection(ProjectConfigurationPlatforms) = postSolution
		{AAC26E51-58A9-4111-A226-5493BD48E765}.Debug|Any CPU.ActiveCfg = Debug|Any CPU
		{AAC26E51-58A9-4111-A226-5493BD48E765}.Debug|Any CPU.Build.0 = Debug|Any CPU
		{AAC26E51-58A9-4111-A226-5493BD48E765}.Release|Any CPU.ActiveCfg = Release|Any CPU
		{AAC26E51-58A9-4111-A226-5493BD48E765}.Release|Any CPU.Build.0 = Release|Any CPU
	EndGlobalSection
	GlobalSection(SolutionProperties) = preSolution
		HideSolutionNode = FALSE
	EndGlobalSection
	GlobalSection(ExtensibilityGlobals) = postSolution
		SolutionGuid = {573A2747-52C1-45DB-A373-F985A2956D4E}
	EndGlobalSection
EndGlobal
