
Microsoft Visual Studio Solution File, Format Version 12.00
# Visual Studio Version 17
VisualStudioVersion = 17.14.36518.9 d17.14
MinimumVisualStudioVersion = 10.0.40219.1
Project("{FAE04EC0-301F-11D3-BF4B-00C04F79EFBC}") = "Lab2pdf", "Lab2pdf\Lab2pdf.csproj", "{B7C3EE3B-8845-474F-B73C-844E8D4DDB3A}"
EndProject
Global
	GlobalSection(SolutionConfigurationPlatforms) = preSolution
		Debug|Any CPU = Debug|Any CPU
		Release|Any CPU = Release|Any CPU
	EndGlobalSection
	GlobalSection(ProjectConfigurationPlatforms) = postSolution
		{B7C3EE3B-8845-474F-B73C-844E8D4DDB3A}.Debug|Any CPU.ActiveCfg = Debug|Any CPU
		{B7C3EE3B-8845-474F-B73C-844E8D4DDB3A}.Debug|Any CPU.Build.0 = Debug|Any CPU
		{B7C3EE3B-8845-474F-B73C-844E8D4DDB3A}.Release|Any CPU.ActiveCfg = Release|Any CPU
		{B7C3EE3B-8845-474F-B73C-844E8D4DDB3A}.Release|Any CPU.Build.0 = Release|Any CPU
	EndGlobalSection
	GlobalSection(SolutionProperties) = preSolution
		HideSolutionNode = FALSE
	EndGlobalSection
	GlobalSection(ExtensibilityGlobals) = postSolution
		SolutionGuid = {0BE08209-E72C-4B33-90D3-60CE11FD4B5D}
	EndGlobalSection
EndGlobal
