
Microsoft Visual Studio Solution File, Format Version 12.00
# Visual Studio Version 17
VisualStudioVersion = 17.14.36518.9 d17.14
MinimumVisualStudioVersion = 10.0.40219.1
Project("{FAE04EC0-301F-11D3-BF4B-00C04F79EFBC}") = "BeforeMid2", "BeforeMid2\BeforeMid2.csproj", "{4692F26A-481B-4CD7-8445-7066FA38F75F}"
EndProject
Global
	GlobalSection(SolutionConfigurationPlatforms) = preSolution
		Debug|Any CPU = Debug|Any CPU
		Release|Any CPU = Release|Any CPU
	EndGlobalSection
	GlobalSection(ProjectConfigurationPlatforms) = postSolution
		{4692F26A-481B-4CD7-8445-7066FA38F75F}.Debug|Any CPU.ActiveCfg = Debug|Any CPU
		{4692F26A-481B-4CD7-8445-7066FA38F75F}.Debug|Any CPU.Build.0 = Debug|Any CPU
		{4692F26A-481B-4CD7-8445-7066FA38F75F}.Release|Any CPU.ActiveCfg = Release|Any CPU
		{4692F26A-481B-4CD7-8445-7066FA38F75F}.Release|Any CPU.Build.0 = Release|Any CPU
	EndGlobalSection
	GlobalSection(SolutionProperties) = preSolution
		HideSolutionNode = FALSE
	EndGlobalSection
	GlobalSection(ExtensibilityGlobals) = postSolution
		SolutionGuid = {402E2931-E8AE-45C7-A666-74776DDAE87E}
	EndGlobalSection
EndGlobal
