
Microsoft Visual Studio Solution File, Format Version 12.00
# Visual Studio Version 17
VisualStudioVersion = 17.14.36518.9 d17.14
MinimumVisualStudioVersion = 10.0.40219.1
Project("{FAE04EC0-301F-11D3-BF4B-00C04F79EFBC}") = "Grade", "Grade\Grade.csproj", "{F2C3C8C3-4252-4AEA-A113-DD042412BDCA}"
EndProject
Global
	GlobalSection(SolutionConfigurationPlatforms) = preSolution
		Debug|Any CPU = Debug|Any CPU
		Release|Any CPU = Release|Any CPU
	EndGlobalSection
	GlobalSection(ProjectConfigurationPlatforms) = postSolution
		{F2C3C8C3-4252-4AEA-A113-DD042412BDCA}.Debug|Any CPU.ActiveCfg = Debug|Any CPU
		{F2C3C8C3-4252-4AEA-A113-DD042412BDCA}.Debug|Any CPU.Build.0 = Debug|Any CPU
		{F2C3C8C3-4252-4AEA-A113-DD042412BDCA}.Release|Any CPU.ActiveCfg = Release|Any CPU
		{F2C3C8C3-4252-4AEA-A113-DD042412BDCA}.Release|Any CPU.Build.0 = Release|Any CPU
	EndGlobalSection
	GlobalSection(SolutionProperties) = preSolution
		HideSolutionNode = FALSE
	EndGlobalSection
	GlobalSection(ExtensibilityGlobals) = postSolution
		SolutionGuid = {088628F5-409A-4C1C-8605-E7150C75FB31}
	EndGlobalSection
EndGlobal
